
Microsoft Visual Studio Solution File, Format Version 12.00
# Visual Studio Version 17
VisualStudioVersion = 17.11.35219.272
MinimumVisualStudioVersion = 10.0.40219.1
Project("{FAE04EC0-301F-11D3-BF4B-00C04F79EFBC}") = "BaiTap07", "BaiTap07.csproj", "{6B9D4B02-3CC6-4E8C-B70C-F5B2FFDEAA56}"
EndProject
Global
	GlobalSection(SolutionConfigurationPlatforms) = preSolution
		Debug|Any CPU = Debug|Any CPU
		Release|Any CPU = Release|Any CPU
	EndGlobalSection
	GlobalSection(ProjectConfigurationPlatforms) = postSolution
		{6B9D4B02-3CC6-4E8C-B70C-F5B2FFDEAA56}.Debug|Any CPU.ActiveCfg = Debug|Any CPU
		{6B9D4B02-3CC6-4E8C-B70C-F5B2FFDEAA56}.Debug|Any CPU.Build.0 = Debug|Any CPU
		{6B9D4B02-3CC6-4E8C-B70C-F5B2FFDEAA56}.Release|Any CPU.ActiveCfg = Release|Any CPU
		{6B9D4B02-3CC6-4E8C-B70C-F5B2FFDEAA56}.Release|Any CPU.Build.0 = Release|Any CPU
	EndGlobalSection
	GlobalSection(SolutionProperties) = preSolution
		HideSolutionNode = FALSE
	EndGlobalSection
	GlobalSection(ExtensibilityGlobals) = postSolution
		SolutionGuid = {8EF64D39-7F76-4662-ADB7-1ADE658CC77D}
	EndGlobalSection
EndGlobal
