
Microsoft Visual Studio Solution File, Format Version 12.00
# Visual Studio Version 17
VisualStudioVersion = 17.11.35219.272
MinimumVisualStudioVersion = 10.0.40219.1
Project("{9A19103F-16F7-4668-BE54-9A1E7A4F7556}") = "Project", "Project.csproj", "{CEDB960B-A963-490B-8FC4-EB6B136350D3}"
EndProject
Global
	GlobalSection(SolutionConfigurationPlatforms) = preSolution
		Debug|Any CPU = Debug|Any CPU
		Release|Any CPU = Release|Any CPU
	EndGlobalSection
	GlobalSection(ProjectConfigurationPlatforms) = postSolution
		{CEDB960B-A963-490B-8FC4-EB6B136350D3}.Debug|Any CPU.ActiveCfg = Debug|Any CPU
		{CEDB960B-A963-490B-8FC4-EB6B136350D3}.Debug|Any CPU.Build.0 = Debug|Any CPU
		{CEDB960B-A963-490B-8FC4-EB6B136350D3}.Release|Any CPU.ActiveCfg = Release|Any CPU
		{CEDB960B-A963-490B-8FC4-EB6B136350D3}.Release|Any CPU.Build.0 = Release|Any CPU
	EndGlobalSection
	GlobalSection(SolutionProperties) = preSolution
		HideSolutionNode = FALSE
	EndGlobalSection
	GlobalSection(ExtensibilityGlobals) = postSolution
		SolutionGuid = {4B1CC32B-748A-4446-996C-CF74655EAA03}
	EndGlobalSection
EndGlobal
